// !$*UTF8*$!
{
	archiveVersion = 1;
	classes = {
	};
	objectVersion = 52;
	objects = {

/* Begin PBXBuildFile section */
		C32E04F424867CA9005DB49B /* AppDelegate.swift in Sources */ = {isa = PBXBuildFile; fileRef = C32E04F324867CA9005DB49B /* AppDelegate.swift */; };
		C32E04F624867CA9005DB49B /* SplitViewController.swift in Sources */ = {isa = PBXBuildFile; fileRef = C32E04F524867CA9005DB49B /* SplitViewController.swift */; };
		C32E04F824867CB0005DB49B /* Assets.xcassets in Resources */ = {isa = PBXBuildFile; fileRef = C32E04F724867CB0005DB49B /* Assets.xcassets */; };
		C32E04FB24867CB0005DB49B /* Main.storyboard in Resources */ = {isa = PBXBuildFile; fileRef = C32E04F924867CB0005DB49B /* Main.storyboard */; };
		C32E050424867CCF005DB49B /* Constants.swift in Sources */ = {isa = PBXBuildFile; fileRef = C32E050324867CCF005DB49B /* Constants.swift */; };
		C32E050724867DB0005DB49B /* Record.swift in Sources */ = {isa = PBXBuildFile; fileRef = C32E050624867DB0005DB49B /* Record.swift */; };
		C32E050924867F90005DB49B /* Country.swift in Sources */ = {isa = PBXBuildFile; fileRef = C32E050824867F90005DB49B /* Country.swift */; };
		C342EB4024A1F994009F8569 /* ChartViewController.swift in Sources */ = {isa = PBXBuildFile; fileRef = C342EB3F24A1F994009F8569 /* ChartViewController.swift */; };
		C3AA2B60249E474F00534C2B /* SwiftCSV in Frameworks */ = {isa = PBXBuildFile; productRef = C3AA2B5F249E474F00534C2B /* SwiftCSV */; };
		C3AA2B63249F53C800534C2B /* Charts in Frameworks */ = {isa = PBXBuildFile; productRef = C3AA2B62249F53C800534C2B /* Charts */; };
		C3AA2B66249F5AAA00534C2B /* TinyConstraints in Frameworks */ = {isa = PBXBuildFile; productRef = C3AA2B65249F5AAA00534C2B /* TinyConstraints */; };
		C3D45E56249E04EA007BCAF7 /* DataModel.swift in Sources */ = {isa = PBXBuildFile; fileRef = C3D45E55249E04EA007BCAF7 /* DataModel.swift */; };
		C3D5833B249FB9A000E2B0D1 /* MainWindowController.swift in Sources */ = {isa = PBXBuildFile; fileRef = C3D5833A249FB9A000E2B0D1 /* MainWindowController.swift */; };
		C3D5833D249FBAC100E2B0D1 /* DataModel+Charts.swift in Sources */ = {isa = PBXBuildFile; fileRef = C3D5833C249FBAC100E2B0D1 /* DataModel+Charts.swift */; };
		C3D58340249FC15F00E2B0D1 /* AxisDateFormatter.swift in Sources */ = {isa = PBXBuildFile; fileRef = C3D5833F249FC15F00E2B0D1 /* AxisDateFormatter.swift */; };
/* End PBXBuildFile section */

/* Begin PBXFileReference section */
		C32E04F024867CA9005DB49B /* COVID-19 Tracker.app */ = {isa = PBXFileReference; explicitFileType = wrapper.application; includeInIndex = 0; path = "COVID-19 Tracker.app"; sourceTree = BUILT_PRODUCTS_DIR; };
		C32E04F324867CA9005DB49B /* AppDelegate.swift */ = {isa = PBXFileReference; lastKnownFileType = sourcecode.swift; path = AppDelegate.swift; sourceTree = "<group>"; };
		C32E04F524867CA9005DB49B /* SplitViewController.swift */ = {isa = PBXFileReference; lastKnownFileType = sourcecode.swift; path = SplitViewController.swift; sourceTree = "<group>"; };
		C32E04F724867CB0005DB49B /* Assets.xcassets */ = {isa = PBXFileReference; lastKnownFileType = folder.assetcatalog; path = Assets.xcassets; sourceTree = "<group>"; };
		C32E04FA24867CB0005DB49B /* Base */ = {isa = PBXFileReference; lastKnownFileType = file.storyboard; name = Base; path = Base.lproj/Main.storyboard; sourceTree = "<group>"; };
		C32E04FC24867CB0005DB49B /* Info.plist */ = {isa = PBXFileReference; lastKnownFileType = text.plist.xml; path = Info.plist; sourceTree = "<group>"; };
		C32E04FD24867CB0005DB49B /* COVID_19_Tracker.entitlements */ = {isa = PBXFileReference; lastKnownFileType = text.plist.entitlements; path = COVID_19_Tracker.entitlements; sourceTree = "<group>"; };
		C32E050324867CCF005DB49B /* Constants.swift */ = {isa = PBXFileReference; lastKnownFileType = sourcecode.swift; path = Constants.swift; sourceTree = "<group>"; };
		C32E050624867DB0005DB49B /* Record.swift */ = {isa = PBXFileReference; lastKnownFileType = sourcecode.swift; path = Record.swift; sourceTree = "<group>"; };
		C32E050824867F90005DB49B /* Country.swift */ = {isa = PBXFileReference; lastKnownFileType = sourcecode.swift; path = Country.swift; sourceTree = "<group>"; };
		C342EB3F24A1F994009F8569 /* ChartViewController.swift */ = {isa = PBXFileReference; lastKnownFileType = sourcecode.swift; path = ChartViewController.swift; sourceTree = "<group>"; };
		C3D45E55249E04EA007BCAF7 /* DataModel.swift */ = {isa = PBXFileReference; lastKnownFileType = sourcecode.swift; path = DataModel.swift; sourceTree = "<group>"; };
		C3D5833A249FB9A000E2B0D1 /* MainWindowController.swift */ = {isa = PBXFileReference; lastKnownFileType = sourcecode.swift; path = MainWindowController.swift; sourceTree = "<group>"; };
		C3D5833C249FBAC100E2B0D1 /* DataModel+Charts.swift */ = {isa = PBXFileReference; lastKnownFileType = sourcecode.swift; path = "DataModel+Charts.swift"; sourceTree = "<group>"; };
		C3D5833F249FC15F00E2B0D1 /* AxisDateFormatter.swift */ = {isa = PBXFileReference; lastKnownFileType = sourcecode.swift; path = AxisDateFormatter.swift; sourceTree = "<group>"; };
/* End PBXFileReference section */

/* Begin PBXFrameworksBuildPhase section */
		C32E04ED24867CA9005DB49B /* Frameworks */ = {
			isa = PBXFrameworksBuildPhase;
			buildActionMask = 2147483647;
			files = (
				C3AA2B60249E474F00534C2B /* SwiftCSV in Frameworks */,
				C3AA2B63249F53C800534C2B /* Charts in Frameworks */,
				C3AA2B66249F5AAA00534C2B /* TinyConstraints in Frameworks */,
			);
			runOnlyForDeploymentPostprocessing = 0;
		};
/* End PBXFrameworksBuildPhase section */

/* Begin PBXGroup section */
		C32E04E724867CA9005DB49B = {
			isa = PBXGroup;
			children = (
				C32E04F224867CA9005DB49B /* COVID-19 Tracker */,
				C32E04F124867CA9005DB49B /* Products */,
			);
			sourceTree = "<group>";
		};
		C32E04F124867CA9005DB49B /* Products */ = {
			isa = PBXGroup;
			children = (
				C32E04F024867CA9005DB49B /* COVID-19 Tracker.app */,
			);
			name = Products;
			sourceTree = "<group>";
		};
		C32E04F224867CA9005DB49B /* COVID-19 Tracker */ = {
			isa = PBXGroup;
			children = (
				C342EB3E24A1F8F4009F8569 /* Controllers */,
				C3D5833E249FC10E00E2B0D1 /* Charts */,
				C32E050524867DA0005DB49B /* Data Model */,
				C32E04F324867CA9005DB49B /* AppDelegate.swift */,
				C32E04F724867CB0005DB49B /* Assets.xcassets */,
				C32E04F924867CB0005DB49B /* Main.storyboard */,
				C32E04FC24867CB0005DB49B /* Info.plist */,
				C32E04FD24867CB0005DB49B /* COVID_19_Tracker.entitlements */,
			);
			path = "COVID-19 Tracker";
			sourceTree = "<group>";
		};
		C32E050524867DA0005DB49B /* Data Model */ = {
			isa = PBXGroup;
			children = (
				C32E050324867CCF005DB49B /* Constants.swift */,
				C32E050624867DB0005DB49B /* Record.swift */,
				C32E050824867F90005DB49B /* Country.swift */,
				C3D45E55249E04EA007BCAF7 /* DataModel.swift */,
				C3D5833C249FBAC100E2B0D1 /* DataModel+Charts.swift */,
			);
			path = "Data Model";
			sourceTree = "<group>";
		};
		C342EB3E24A1F8F4009F8569 /* Controllers */ = {
			isa = PBXGroup;
			children = (
				C3D5833A249FB9A000E2B0D1 /* MainWindowController.swift */,
				C32E04F524867CA9005DB49B /* SplitViewController.swift */,
				C342EB3F24A1F994009F8569 /* ChartViewController.swift */,
			);
			path = Controllers;
			sourceTree = "<group>";
		};
		C3D5833E249FC10E00E2B0D1 /* Charts */ = {
			isa = PBXGroup;
			children = (
				C3D5833F249FC15F00E2B0D1 /* AxisDateFormatter.swift */,
			);
			path = Charts;
			sourceTree = "<group>";
		};
/* End PBXGroup section */

/* Begin PBXNativeTarget section */
		C32E04EF24867CA9005DB49B /* COVID-19 Tracker */ = {
			isa = PBXNativeTarget;
			buildConfigurationList = C32E050024867CB0005DB49B /* Build configuration list for PBXNativeTarget "COVID-19 Tracker" */;
			buildPhases = (
				C32E04EC24867CA9005DB49B /* Sources */,
				C32E04ED24867CA9005DB49B /* Frameworks */,
				C32E04EE24867CA9005DB49B /* Resources */,
			);
			buildRules = (
			);
			dependencies = (
			);
			name = "COVID-19 Tracker";
			packageProductDependencies = (
				C3AA2B5F249E474F00534C2B /* SwiftCSV */,
				C3AA2B62249F53C800534C2B /* Charts */,
				C3AA2B65249F5AAA00534C2B /* TinyConstraints */,
			);
			productName = "COVID-19 Tracker";
			productReference = C32E04F024867CA9005DB49B /* COVID-19 Tracker.app */;
			productType = "com.apple.product-type.application";
		};
/* End PBXNativeTarget section */

/* Begin PBXProject section */
		C32E04E824867CA9005DB49B /* Project object */ = {
			isa = PBXProject;
			attributes = {
				LastSwiftUpdateCheck = 1150;
				LastUpgradeCheck = 1150;
				ORGANIZATIONNAME = "Keith Sharp";
				TargetAttributes = {
					C32E04EF24867CA9005DB49B = {
						CreatedOnToolsVersion = 11.5;
					};
				};
			};
			buildConfigurationList = C32E04EB24867CA9005DB49B /* Build configuration list for PBXProject "COVID-19 Tracker" */;
			compatibilityVersion = "Xcode 9.3";
			developmentRegion = en;
			hasScannedForEncodings = 0;
			knownRegions = (
				en,
				Base,
			);
			mainGroup = C32E04E724867CA9005DB49B;
			packageReferences = (
				C3AA2B5E249E474E00534C2B /* XCRemoteSwiftPackageReference "SwiftCSV" */,
				C3AA2B61249F53C800534C2B /* XCRemoteSwiftPackageReference "Charts" */,
				C3AA2B64249F5AAA00534C2B /* XCRemoteSwiftPackageReference "TinyConstraints" */,
			);
			productRefGroup = C32E04F124867CA9005DB49B /* Products */;
			projectDirPath = "";
			projectRoot = "";
			targets = (
				C32E04EF24867CA9005DB49B /* COVID-19 Tracker */,
			);
		};
/* End PBXProject section */

/* Begin PBXResourcesBuildPhase section */
		C32E04EE24867CA9005DB49B /* Resources */ = {
			isa = PBXResourcesBuildPhase;
			buildActionMask = 2147483647;
			files = (
				C32E04F824867CB0005DB49B /* Assets.xcassets in Resources */,
				C32E04FB24867CB0005DB49B /* Main.storyboard in Resources */,
			);
			runOnlyForDeploymentPostprocessing = 0;
		};
/* End PBXResourcesBuildPhase section */

/* Begin PBXSourcesBuildPhase section */
		C32E04EC24867CA9005DB49B /* Sources */ = {
			isa = PBXSourcesBuildPhase;
			buildActionMask = 2147483647;
			files = (
				C32E04F624867CA9005DB49B /* SplitViewController.swift in Sources */,
				C3D5833B249FB9A000E2B0D1 /* MainWindowController.swift in Sources */,
				C32E04F424867CA9005DB49B /* AppDelegate.swift in Sources */,
				C32E050724867DB0005DB49B /* Record.swift in Sources */,
				C3D5833D249FBAC100E2B0D1 /* DataModel+Charts.swift in Sources */,
				C32E050924867F90005DB49B /* Country.swift in Sources */,
				C32E050424867CCF005DB49B /* Constants.swift in Sources */,
				C3D58340249FC15F00E2B0D1 /* AxisDateFormatter.swift in Sources */,
				C3D45E56249E04EA007BCAF7 /* DataModel.swift in Sources */,
				C342EB4024A1F994009F8569 /* ChartViewController.swift in Sources */,
			);
			runOnlyForDeploymentPostprocessing = 0;
		};
/* End PBXSourcesBuildPhase section */

/* Begin PBXVariantGroup section */
		C32E04F924867CB0005DB49B /* Main.storyboard */ = {
			isa = PBXVariantGroup;
			children = (
				C32E04FA24867CB0005DB49B /* Base */,
			);
			name = Main.storyboard;
			sourceTree = "<group>";
		};
/* End PBXVariantGroup section */

/* Begin XCBuildConfiguration section */
		C32E04FE24867CB0005DB49B /* Debug */ = {
			isa = XCBuildConfiguration;
			buildSettings = {
				ALWAYS_SEARCH_USER_PATHS = NO;
				CLANG_ANALYZER_NONNULL = YES;
				CLANG_ANALYZER_NUMBER_OBJECT_CONVERSION = YES_AGGRESSIVE;
				CLANG_CXX_LANGUAGE_STANDARD = "gnu++14";
				CLANG_CXX_LIBRARY = "libc++";
				CLANG_ENABLE_MODULES = YES;
				CLANG_ENABLE_OBJC_ARC = YES;
				CLANG_ENABLE_OBJC_WEAK = YES;
				CLANG_WARN_BLOCK_CAPTURE_AUTORELEASING = YES;
				CLANG_WARN_BOOL_CONVERSION = YES;
				CLANG_WARN_COMMA = YES;
				CLANG_WARN_CONSTANT_CONVERSION = YES;
				CLANG_WARN_DEPRECATED_OBJC_IMPLEMENTATIONS = YES;
				CLANG_WARN_DIRECT_OBJC_ISA_USAGE = YES_ERROR;
				CLANG_WARN_DOCUMENTATION_COMMENTS = YES;
				CLANG_WARN_EMPTY_BODY = YES;
				CLANG_WARN_ENUM_CONVERSION = YES;
				CLANG_WARN_INFINITE_RECURSION = YES;
				CLANG_WARN_INT_CONVERSION = YES;
				CLANG_WARN_NON_LITERAL_NULL_CONVERSION = YES;
				CLANG_WARN_OBJC_IMPLICIT_RETAIN_SELF = YES;
				CLANG_WARN_OBJC_LITERAL_CONVERSION = YES;
				CLANG_WARN_OBJC_ROOT_CLASS = YES_ERROR;
				CLANG_WARN_RANGE_LOOP_ANALYSIS = YES;
				CLANG_WARN_STRICT_PROTOTYPES = YES;
				CLANG_WARN_SUSPICIOUS_MOVE = YES;
				CLANG_WARN_UNGUARDED_AVAILABILITY = YES_AGGRESSIVE;
				CLANG_WARN_UNREACHABLE_CODE = YES;
				CLANG_WARN__DUPLICATE_METHOD_MATCH = YES;
				COPY_PHASE_STRIP = NO;
				DEBUG_INFORMATION_FORMAT = dwarf;
				ENABLE_STRICT_OBJC_MSGSEND = YES;
				ENABLE_TESTABILITY = YES;
				GCC_C_LANGUAGE_STANDARD = gnu11;
				GCC_DYNAMIC_NO_PIC = NO;
				GCC_NO_COMMON_BLOCKS = YES;
				GCC_OPTIMIZATION_LEVEL = 0;
				GCC_PREPROCESSOR_DEFINITIONS = (
					"DEBUG=1",
					"$(inherited)",
				);
				GCC_WARN_64_TO_32_BIT_CONVERSION = YES;
				GCC_WARN_ABOUT_RETURN_TYPE = YES_ERROR;
				GCC_WARN_UNDECLARED_SELECTOR = YES;
				GCC_WARN_UNINITIALIZED_AUTOS = YES_AGGRESSIVE;
				GCC_WARN_UNUSED_FUNCTION = YES;
				GCC_WARN_UNUSED_VARIABLE = YES;
				MACOSX_DEPLOYMENT_TARGET = 10.15;
				MTL_ENABLE_DEBUG_INFO = INCLUDE_SOURCE;
				MTL_FAST_MATH = YES;
				ONLY_ACTIVE_ARCH = YES;
				SDKROOT = macosx;
				SWIFT_ACTIVE_COMPILATION_CONDITIONS = DEBUG;
				SWIFT_OPTIMIZATION_LEVEL = "-Onone";
			};
			name = Debug;
		};
		C32E04FF24867CB0005DB49B /* Release */ = {
			isa = XCBuildConfiguration;
			buildSettings = {
				ALWAYS_SEARCH_USER_PATHS = NO;
				CLANG_ANALYZER_NONNULL = YES;
				CLANG_ANALYZER_NUMBER_OBJECT_CONVERSION = YES_AGGRESSIVE;
				CLANG_CXX_LANGUAGE_STANDARD = "gnu++14";
				CLANG_CXX_LIBRARY = "libc++";
				CLANG_ENABLE_MODULES = YES;
				CLANG_ENABLE_OBJC_ARC = YES;
				CLANG_ENABLE_OBJC_WEAK = YES;
				CLANG_WARN_BLOCK_CAPTURE_AUTORELEASING = YES;
				CLANG_WARN_BOOL_CONVERSION = YES;
				CLANG_WARN_COMMA = YES;
				CLANG_WARN_CONSTANT_CONVERSION = YES;
				CLANG_WARN_DEPRECATED_OBJC_IMPLEMENTATIONS = YES;
				CLANG_WARN_DIRECT_OBJC_ISA_USAGE = YES_ERROR;
				CLANG_WARN_DOCUMENTATION_COMMENTS = YES;
				CLANG_WARN_EMPTY_BODY = YES;
				CLANG_WARN_ENUM_CONVERSION = YES;
				CLANG_WARN_INFINITE_RECURSION = YES;
				CLANG_WARN_INT_CONVERSION = YES;
				CLANG_WARN_NON_LITERAL_NULL_CONVERSION = YES;
				CLANG_WARN_OBJC_IMPLICIT_RETAIN_SELF = YES;
				CLANG_WARN_OBJC_LITERAL_CONVERSION = YES;
				CLANG_WARN_OBJC_ROOT_CLASS = YES_ERROR;
				CLANG_WARN_RANGE_LOOP_ANALYSIS = YES;
				CLANG_WARN_STRICT_PROTOTYPES = YES;
				CLANG_WARN_SUSPICIOUS_MOVE = YES;
				CLANG_WARN_UNGUARDED_AVAILABILITY = YES_AGGRESSIVE;
				CLANG_WARN_UNREACHABLE_CODE = YES;
				CLANG_WARN__DUPLICATE_METHOD_MATCH = YES;
				COPY_PHASE_STRIP = NO;
				DEBUG_INFORMATION_FORMAT = "dwarf-with-dsym";
				ENABLE_NS_ASSERTIONS = NO;
				ENABLE_STRICT_OBJC_MSGSEND = YES;
				GCC_C_LANGUAGE_STANDARD = gnu11;
				GCC_NO_COMMON_BLOCKS = YES;
				GCC_WARN_64_TO_32_BIT_CONVERSION = YES;
				GCC_WARN_ABOUT_RETURN_TYPE = YES_ERROR;
				GCC_WARN_UNDECLARED_SELECTOR = YES;
				GCC_WARN_UNINITIALIZED_AUTOS = YES_AGGRESSIVE;
				GCC_WARN_UNUSED_FUNCTION = YES;
				GCC_WARN_UNUSED_VARIABLE = YES;
				MACOSX_DEPLOYMENT_TARGET = 10.15;
				MTL_ENABLE_DEBUG_INFO = NO;
				MTL_FAST_MATH = YES;
				SDKROOT = macosx;
				SWIFT_COMPILATION_MODE = wholemodule;
				SWIFT_OPTIMIZATION_LEVEL = "-O";
			};
			name = Release;
		};
		C32E050124867CB0005DB49B /* Debug */ = {
			isa = XCBuildConfiguration;
			buildSettings = {
				ASSETCATALOG_COMPILER_APPICON_NAME = AppIcon;
				CODE_SIGN_ENTITLEMENTS = "COVID-19 Tracker/COVID_19_Tracker.entitlements";
				CODE_SIGN_STYLE = Automatic;
				COMBINE_HIDPI_IMAGES = YES;
				DEVELOPMENT_TEAM = 8VL2637SNM;
				ENABLE_HARDENED_RUNTIME = YES;
				INFOPLIST_FILE = "COVID-19 Tracker/Info.plist";
				LD_RUNPATH_SEARCH_PATHS = (
					"$(inherited)",
					"@executable_path/../Frameworks",
				);
				PRODUCT_BUNDLE_IDENTIFIER = "uk.org.passback.COVID-19-Tracker";
				PRODUCT_NAME = "$(TARGET_NAME)";
				SWIFT_VERSION = 5.0;
			};
			name = Debug;
		};
		C32E050224867CB0005DB49B /* Release */ = {
			isa = XCBuildConfiguration;
			buildSettings = {
				ASSETCATALOG_COMPILER_APPICON_NAME = AppIcon;
				CODE_SIGN_ENTITLEMENTS = "COVID-19 Tracker/COVID_19_Tracker.entitlements";
				CODE_SIGN_STYLE = Automatic;
				COMBINE_HIDPI_IMAGES = YES;
				DEVELOPMENT_TEAM = 8VL2637SNM;
				ENABLE_HARDENED_RUNTIME = YES;
				INFOPLIST_FILE = "COVID-19 Tracker/Info.plist";
				LD_RUNPATH_SEARCH_PATHS = (
					"$(inherited)",
					"@executable_path/../Frameworks",
				);
				PRODUCT_BUNDLE_IDENTIFIER = "uk.org.passback.COVID-19-Tracker";
				PRODUCT_NAME = "$(TARGET_NAME)";
				SWIFT_VERSION = 5.0;
			};
			name = Release;
		};
/* End XCBuildConfiguration section */

/* Begin XCConfigurationList section */
		C32E04EB24867CA9005DB49B /* Build configuration list for PBXProject "COVID-19 Tracker" */ = {
			isa = XCConfigurationList;
			buildConfigurations = (
				C32E04FE24867CB0005DB49B /* Debug */,
				C32E04FF24867CB0005DB49B /* Release */,
			);
			defaultConfigurationIsVisible = 0;
			defaultConfigurationName = Release;
		};
		C32E050024867CB0005DB49B /* Build configuration list for PBXNativeTarget "COVID-19 Tracker" */ = {
			isa = XCConfigurationList;
			buildConfigurations = (
				C32E050124867CB0005DB49B /* Debug */,
				C32E050224867CB0005DB49B /* Release */,
			);
			defaultConfigurationIsVisible = 0;
			defaultConfigurationName = Release;
		};
/* End XCConfigurationList section */

/* Begin XCRemoteSwiftPackageReference section */
		C3AA2B5E249E474E00534C2B /* XCRemoteSwiftPackageReference "SwiftCSV" */ = {
			isa = XCRemoteSwiftPackageReference;
			repositoryURL = "https://github.com/swiftcsv/SwiftCSV.git";
			requirement = {
				kind = upToNextMajorVersion;
				minimumVersion = 0.5.6;
			};
		};
		C3AA2B61249F53C800534C2B /* XCRemoteSwiftPackageReference "Charts" */ = {
			isa = XCRemoteSwiftPackageReference;
			repositoryURL = "https://github.com/danielgindi/Charts.git";
			requirement = {
				kind = upToNextMajorVersion;
				minimumVersion = 3.5.0;
			};
		};
		C3AA2B64249F5AAA00534C2B /* XCRemoteSwiftPackageReference "TinyConstraints" */ = {
			isa = XCRemoteSwiftPackageReference;
			repositoryURL = "https://github.com/roberthein/TinyConstraints.git";
			requirement = {
				kind = upToNextMajorVersion;
				minimumVersion = 4.0.1;
			};
		};
/* End XCRemoteSwiftPackageReference section */

/* Begin XCSwiftPackageProductDependency section */
		C3AA2B5F249E474F00534C2B /* SwiftCSV */ = {
			isa = XCSwiftPackageProductDependency;
			package = C3AA2B5E249E474E00534C2B /* XCRemoteSwiftPackageReference "SwiftCSV" */;
			productName = SwiftCSV;
		};
		C3AA2B62249F53C800534C2B /* Charts */ = {
			isa = XCSwiftPackageProductDependency;
			package = C3AA2B61249F53C800534C2B /* XCRemoteSwiftPackageReference "Charts" */;
			productName = Charts;
		};
		C3AA2B65249F5AAA00534C2B /* TinyConstraints */ = {
			isa = XCSwiftPackageProductDependency;
			package = C3AA2B64249F5AAA00534C2B /* XCRemoteSwiftPackageReference "TinyConstraints" */;
			productName = TinyConstraints;
		};
/* End XCSwiftPackageProductDependency section */
	};
	rootObject = C32E04E824867CA9005DB49B /* Project object */;
}
